
Microsoft Visual Studio Solution File, Format Version 12.00
# Visual Studio Version 17
VisualStudioVersion = 17.9.34728.123
MinimumVisualStudioVersion = 10.0.40219.1
Project("{FAE04EC0-301F-11D3-BF4B-00C04F79EFBC}") = "PapoDeChef", "PapoDeChef\PapoDeChef.csproj", "{83993ADC-D464-4B70-AE54-AE44C70FFEC6}"
EndProject
Global
	GlobalSection(SolutionConfigurationPlatforms) = preSolution
		Debug|Any CPU = Debug|Any CPU
		Release|Any CPU = Release|Any CPU
	EndGlobalSection
	GlobalSection(ProjectConfigurationPlatforms) = postSolution
		{83993ADC-D464-4B70-AE54-AE44C70FFEC6}.Debug|Any CPU.ActiveCfg = Debug|Any CPU
		{83993ADC-D464-4B70-AE54-AE44C70FFEC6}.Debug|Any CPU.Build.0 = Debug|Any CPU
		{83993ADC-D464-4B70-AE54-AE44C70FFEC6}.Release|Any CPU.ActiveCfg = Release|Any CPU
		{83993ADC-D464-4B70-AE54-AE44C70FFEC6}.Release|Any CPU.Build.0 = Release|Any CPU
	EndGlobalSection
	GlobalSection(SolutionProperties) = preSolution
		HideSolutionNode = FALSE
	EndGlobalSection
	GlobalSection(ExtensibilityGlobals) = postSolution
		SolutionGuid = {8EB43B6E-1105-4078-99A0-405CE97D0D02}
	EndGlobalSection
EndGlobal
